// !$*UTF8*$!
{
	archiveVersion = 1;
	classes = {
	};
	objectVersion = 77;
	objects = {

/* Begin PBXContainerItemProxy section */
		EB8CC3312D644CDC005EAC0B /* PBXContainerItemProxy */ = {
			isa = PBXContainerItemProxy;
			containerPortal = EB8CC30F2D644CDA005EAC0B /* Project object */;
			proxyType = 1;
			remoteGlobalIDString = EB8CC3162D644CDA005EAC0B;
			remoteInfo = NinjaGameBase;
		};
		EB8CC33B2D644CDC005EAC0B /* PBXContainerItemProxy */ = {
			isa = PBXContainerItemProxy;
			containerPortal = EB8CC30F2D644CDA005EAC0B /* Project object */;
			proxyType = 1;
			remoteGlobalIDString = EB8CC3162D644CDA005EAC0B;
			remoteInfo = NinjaGameBase;
		};
/* End PBXContainerItemProxy section */

/* Begin PBXFileReference section */
		EB8CC3172D644CDA005EAC0B /* NinjaGameBase.app */ = {isa = PBXFileReference; explicitFileType = wrapper.application; includeInIndex = 0; path = NinjaGameBase.app; sourceTree = BUILT_PRODUCTS_DIR; };
		EB8CC3302D644CDC005EAC0B /* NinjaGameBaseTests.xctest */ = {isa = PBXFileReference; explicitFileType = wrapper.cfbundle; includeInIndex = 0; path = NinjaGameBaseTests.xctest; sourceTree = BUILT_PRODUCTS_DIR; };
		EB8CC33A2D644CDC005EAC0B /* NinjaGameBaseUITests.xctest */ = {isa = PBXFileReference; explicitFileType = wrapper.cfbundle; includeInIndex = 0; path = NinjaGameBaseUITests.xctest; sourceTree = BUILT_PRODUCTS_DIR; };
/* End PBXFileReference section */

/* Begin PBXFileSystemSynchronizedRootGroup section */
		EB8CC3192D644CDA005EAC0B /* NinjaGameBase */ = {
			isa = PBXFileSystemSynchronizedRootGroup;
			path = NinjaGameBase;
			sourceTree = "<group>";
		};
		EB8CC3332D644CDC005EAC0B /* NinjaGameBaseTests */ = {
			isa = PBXFileSystemSynchronizedRootGroup;
			path = NinjaGameBaseTests;
			sourceTree = "<group>";
		};
		EB8CC33D2D644CDC005EAC0B /* NinjaGameBaseUITests */ = {
			isa = PBXFileSystemSynchronizedRootGroup;
			path = NinjaGameBaseUITests;
			sourceTree = "<group>";
		};
/* End PBXFileSystemSynchronizedRootGroup section */

/* Begin PBXFrameworksBuildPhase section */
		EB8CC3142D644CDA005EAC0B /* Frameworks */ = {
			isa = PBXFrameworksBuildPhase;
			buildActionMask = 2147483647;
			files = (
			);
			runOnlyForDeploymentPostprocessing = 0;
		};
		EB8CC32D2D644CDC005EAC0B /* Frameworks */ = {
			isa = PBXFrameworksBuildPhase;
			buildActionMask = 2147483647;
			files = (
			);
			runOnlyForDeploymentPostprocessing = 0;
		};
		EB8CC3372D644CDC005EAC0B /* Frameworks */ = {
			isa = PBXFrameworksBuildPhase;
			buildActionMask = 2147483647;
			files = (
			);
			runOnlyForDeploymentPostprocessing = 0;
		};
/* End PBXFrameworksBuildPhase section */

/* Begin PBXGroup section */
		EB8CC30E2D644CDA005EAC0B = {
			isa = PBXGroup;
			children = (
				EB8CC3192D644CDA005EAC0B /* NinjaGameBase */,
				EB8CC3332D644CDC005EAC0B /* NinjaGameBaseTests */,
				EB8CC33D2D644CDC005EAC0B /* NinjaGameBaseUITests */,
				EB8CC3182D644CDA005EAC0B /* Products */,
			);
			sourceTree = "<group>";
		};
		EB8CC3182D644CDA005EAC0B /* Products */ = {
			isa = PBXGroup;
			children = (
				EB8CC3172D644CDA005EAC0B /* NinjaGameBase.app */,
				EB8CC3302D644CDC005EAC0B /* NinjaGameBaseTests.xctest */,
				EB8CC33A2D644CDC005EAC0B /* NinjaGameBaseUITests.xctest */,
			);
			name = Products;
			sourceTree = "<group>";
		};
/* End PBXGroup section */

/* Begin PBXNativeTarget section */
		EB8CC3162D644CDA005EAC0B /* NinjaGameBase */ = {
			isa = PBXNativeTarget;
			buildConfigurationList = EB8CC3442D644CDC005EAC0B /* Build configuration list for PBXNativeTarget "NinjaGameBase" */;
			buildPhases = (
				EB8CC3132D644CDA005EAC0B /* Sources */,
				EB8CC3142D644CDA005EAC0B /* Frameworks */,
				EB8CC3152D644CDA005EAC0B /* Resources */,
			);
			buildRules = (
			);
			dependencies = (
			);
			fileSystemSynchronizedGroups = (
				EB8CC3192D644CDA005EAC0B /* NinjaGameBase */,
			);
			name = NinjaGameBase;
			packageProductDependencies = (
			);
			productName = NinjaGameBase;
			productReference = EB8CC3172D644CDA005EAC0B /* NinjaGameBase.app */;
			productType = "com.apple.product-type.application";
		};
		EB8CC32F2D644CDC005EAC0B /* NinjaGameBaseTests */ = {
			isa = PBXNativeTarget;
			buildConfigurationList = EB8CC3472D644CDC005EAC0B /* Build configuration list for PBXNativeTarget "NinjaGameBaseTests" */;
			buildPhases = (
				EB8CC32C2D644CDC005EAC0B /* Sources */,
				EB8CC32D2D644CDC005EAC0B /* Frameworks */,
				EB8CC32E2D644CDC005EAC0B /* Resources */,
			);
			buildRules = (
			);
			dependencies = (
				EB8CC3322D644CDC005EAC0B /* PBXTargetDependency */,
			);
			fileSystemSynchronizedGroups = (
				EB8CC3332D644CDC005EAC0B /* NinjaGameBaseTests */,
			);
			name = NinjaGameBaseTests;
			packageProductDependencies = (
			);
			productName = NinjaGameBaseTests;
			productReference = EB8CC3302D644CDC005EAC0B /* NinjaGameBaseTests.xctest */;
			productType = "com.apple.product-type.bundle.unit-test";
		};
		EB8CC3392D644CDC005EAC0B /* NinjaGameBaseUITests */ = {
			isa = PBXNativeTarget;
			buildConfigurationList = EB8CC34A2D644CDC005EAC0B /* Build configuration list for PBXNativeTarget "NinjaGameBaseUITests" */;
			buildPhases = (
				EB8CC3362D644CDC005EAC0B /* Sources */,
				EB8CC3372D644CDC005EAC0B /* Frameworks */,
				EB8CC3382D644CDC005EAC0B /* Resources */,
			);
			buildRules = (
			);
			dependencies = (
				EB8CC33C2D644CDC005EAC0B /* PBXTargetDependency */,
			);
			fileSystemSynchronizedGroups = (
				EB8CC33D2D644CDC005EAC0B /* NinjaGameBaseUITests */,
			);
			name = NinjaGameBaseUITests;
			packageProductDependencies = (
			);
			productName = NinjaGameBaseUITests;
			productReference = EB8CC33A2D644CDC005EAC0B /* NinjaGameBaseUITests.xctest */;
			productType = "com.apple.product-type.bundle.ui-testing";
		};
/* End PBXNativeTarget section */

/* Begin PBXProject section */
		EB8CC30F2D644CDA005EAC0B /* Project object */ = {
			isa = PBXProject;
			attributes = {
				BuildIndependentTargetsInParallel = 1;
				LastSwiftUpdateCheck = 1620;
				LastUpgradeCheck = 1620;
				TargetAttributes = {
					EB8CC3162D644CDA005EAC0B = {
						CreatedOnToolsVersion = 16.2;
					};
					EB8CC32F2D644CDC005EAC0B = {
						CreatedOnToolsVersion = 16.2;
						TestTargetID = EB8CC3162D644CDA005EAC0B;
					};
					EB8CC3392D644CDC005EAC0B = {
						CreatedOnToolsVersion = 16.2;
						TestTargetID = EB8CC3162D644CDA005EAC0B;
					};
				};
			};
			buildConfigurationList = EB8CC3122D644CDA005EAC0B /* Build configuration list for PBXProject "NinjaGameBase" */;
			developmentRegion = en;
			hasScannedForEncodings = 0;
			knownRegions = (
				en,
				Base,
			);
			mainGroup = EB8CC30E2D644CDA005EAC0B;
			minimizedProjectReferenceProxies = 1;
			preferredProjectObjectVersion = 77;
			productRefGroup = EB8CC3182D644CDA005EAC0B /* Products */;
			projectDirPath = "";
			projectRoot = "";
			targets = (
				EB8CC3162D644CDA005EAC0B /* NinjaGameBase */,
				EB8CC32F2D644CDC005EAC0B /* NinjaGameBaseTests */,
				EB8CC3392D644CDC005EAC0B /* NinjaGameBaseUITests */,
			);
		};
/* End PBXProject section */

/* Begin PBXResourcesBuildPhase section */
		EB8CC3152D644CDA005EAC0B /* Resources */ = {
			isa = PBXResourcesBuildPhase;
			buildActionMask = 2147483647;
			files = (
			);
			runOnlyForDeploymentPostprocessing = 0;
		};
		EB8CC32E2D644CDC005EAC0B /* Resources */ = {
			isa = PBXResourcesBuildPhase;
			buildActionMask = 2147483647;
			files = (
			);
			runOnlyForDeploymentPostprocessing = 0;
		};
		EB8CC3382D644CDC005EAC0B /* Resources */ = {
			isa = PBXResourcesBuildPhase;
			buildActionMask = 2147483647;
			files = (
			);
			runOnlyForDeploymentPostprocessing = 0;
		};
/* End PBXResourcesBuildPhase section */

/* Begin PBXSourcesBuildPhase section */
		EB8CC3132D644CDA005EAC0B /* Sources */ = {
			isa = PBXSourcesBuildPhase;
			buildActionMask = 2147483647;
			files = (
			);
			runOnlyForDeploymentPostprocessing = 0;
		};
		EB8CC32C2D644CDC005EAC0B /* Sources */ = {
			isa = PBXSourcesBuildPhase;
			buildActionMask = 2147483647;
			files = (
			);
			runOnlyForDeploymentPostprocessing = 0;
		};
		EB8CC3362D644CDC005EAC0B /* Sources */ = {
			isa = PBXSourcesBuildPhase;
			buildActionMask = 2147483647;
			files = (
			);
			runOnlyForDeploymentPostprocessing = 0;
		};
/* End PBXSourcesBuildPhase section */

/* Begin PBXTargetDependency section */
		EB8CC3322D644CDC005EAC0B /* PBXTargetDependency */ = {
			isa = PBXTargetDependency;
			target = EB8CC3162D644CDA005EAC0B /* NinjaGameBase */;
			targetProxy = EB8CC3312D644CDC005EAC0B /* PBXContainerItemProxy */;
		};
		EB8CC33C2D644CDC005EAC0B /* PBXTargetDependency */ = {
			isa = PBXTargetDependency;
			target = EB8CC3162D644CDA005EAC0B /* NinjaGameBase */;
			targetProxy = EB8CC33B2D644CDC005EAC0B /* PBXContainerItemProxy */;
		};
/* End PBXTargetDependency section */

/* Begin XCBuildConfiguration section */
		EB8CC3422D644CDC005EAC0B /* Debug */ = {
			isa = XCBuildConfiguration;
			buildSettings = {
				ALWAYS_SEARCH_USER_PATHS = NO;
				ASSETCATALOG_COMPILER_GENERATE_SWIFT_ASSET_SYMBOL_EXTENSIONS = YES;
				CLANG_ANALYZER_NONNULL = YES;
				CLANG_ANALYZER_NUMBER_OBJECT_CONVERSION = YES_AGGRESSIVE;
				CLANG_CXX_LANGUAGE_STANDARD = "gnu++20";
				CLANG_ENABLE_MODULES = YES;
				CLANG_ENABLE_OBJC_ARC = YES;
				CLANG_ENABLE_OBJC_WEAK = YES;
				CLANG_WARN_BLOCK_CAPTURE_AUTORELEASING = YES;
				CLANG_WARN_BOOL_CONVERSION = YES;
				CLANG_WARN_COMMA = YES;
				CLANG_WARN_CONSTANT_CONVERSION = YES;
				CLANG_WARN_DEPRECATED_OBJC_IMPLEMENTATIONS = YES;
				CLANG_WARN_DIRECT_OBJC_ISA_USAGE = YES_ERROR;
				CLANG_WARN_DOCUMENTATION_COMMENTS = YES;
				CLANG_WARN_EMPTY_BODY = YES;
				CLANG_WARN_ENUM_CONVERSION = YES;
				CLANG_WARN_INFINITE_RECURSION = YES;
				CLANG_WARN_INT_CONVERSION = YES;
				CLANG_WARN_NON_LITERAL_NULL_CONVERSION = YES;
				CLANG_WARN_OBJC_IMPLICIT_RETAIN_SELF = YES;
				CLANG_WARN_OBJC_LITERAL_CONVERSION = YES;
				CLANG_WARN_OBJC_ROOT_CLASS = YES_ERROR;
				CLANG_WARN_QUOTED_INCLUDE_IN_FRAMEWORK_HEADER = YES;
				CLANG_WARN_RANGE_LOOP_ANALYSIS = YES;
				CLANG_WARN_STRICT_PROTOTYPES = YES;
				CLANG_WARN_SUSPICIOUS_MOVE = YES;
				CLANG_WARN_UNGUARDED_AVAILABILITY = YES_AGGRESSIVE;
				CLANG_WARN_UNREACHABLE_CODE = YES;
				CLANG_WARN__DUPLICATE_METHOD_MATCH = YES;
				COPY_PHASE_STRIP = NO;
				DEBUG_INFORMATION_FORMAT = dwarf;
				ENABLE_STRICT_OBJC_MSGSEND = YES;
				ENABLE_TESTABILITY = YES;
				ENABLE_USER_SCRIPT_SANDBOXING = YES;
				GCC_C_LANGUAGE_STANDARD = gnu17;
				GCC_DYNAMIC_NO_PIC = NO;
				GCC_NO_COMMON_BLOCKS = YES;
				GCC_OPTIMIZATION_LEVEL = 0;
				GCC_PREPROCESSOR_DEFINITIONS = (
					"DEBUG=1",
					"$(inherited)",
				);
				GCC_WARN_64_TO_32_BIT_CONVERSION = YES;
				GCC_WARN_ABOUT_RETURN_TYPE = YES_ERROR;
				GCC_WARN_UNDECLARED_SELECTOR = YES;
				GCC_WARN_UNINITIALIZED_AUTOS = YES_AGGRESSIVE;
				GCC_WARN_UNUSED_FUNCTION = YES;
				GCC_WARN_UNUSED_VARIABLE = YES;
				IPHONEOS_DEPLOYMENT_TARGET = 18.2;
				LOCALIZATION_PREFERS_STRING_CATALOGS = YES;
				MTL_ENABLE_DEBUG_INFO = INCLUDE_SOURCE;
				MTL_FAST_MATH = YES;
				ONLY_ACTIVE_ARCH = YES;
				SDKROOT = iphoneos;
				SWIFT_ACTIVE_COMPILATION_CONDITIONS = "DEBUG $(inherited)";
				SWIFT_OPTIMIZATION_LEVEL = "-Onone";
			};
			name = Debug;
		};
		EB8CC3432D644CDC005EAC0B /* Release */ = {
			isa = XCBuildConfiguration;
			buildSettings = {
				ALWAYS_SEARCH_USER_PATHS = NO;
				ASSETCATALOG_COMPILER_GENERATE_SWIFT_ASSET_SYMBOL_EXTENSIONS = YES;
				CLANG_ANALYZER_NONNULL = YES;
				CLANG_ANALYZER_NUMBER_OBJECT_CONVERSION = YES_AGGRESSIVE;
				CLANG_CXX_LANGUAGE_STANDARD = "gnu++20";
				CLANG_ENABLE_MODULES = YES;
				CLANG_ENABLE_OBJC_ARC = YES;
				CLANG_ENABLE_OBJC_WEAK = YES;
				CLANG_WARN_BLOCK_CAPTURE_AUTORELEASING = YES;
				CLANG_WARN_BOOL_CONVERSION = YES;
				CLANG_WARN_COMMA = YES;
				CLANG_WARN_CONSTANT_CONVERSION = YES;
				CLANG_WARN_DEPRECATED_OBJC_IMPLEMENTATIONS = YES;
				CLANG_WARN_DIRECT_OBJC_ISA_USAGE = YES_ERROR;
				CLANG_WARN_DOCUMENTATION_COMMENTS = YES;
				CLANG_WARN_EMPTY_BODY = YES;
				CLANG_WARN_ENUM_CONVERSION = YES;
				CLANG_WARN_INFINITE_RECURSION = YES;
				CLANG_WARN_INT_CONVERSION = YES;
				CLANG_WARN_NON_LITERAL_NULL_CONVERSION = YES;
				CLANG_WARN_OBJC_IMPLICIT_RETAIN_SELF = YES;
				CLANG_WARN_OBJC_LITERAL_CONVERSION = YES;
				CLANG_WARN_OBJC_ROOT_CLASS = YES_ERROR;
				CLANG_WARN_QUOTED_INCLUDE_IN_FRAMEWORK_HEADER = YES;
				CLANG_WARN_RANGE_LOOP_ANALYSIS = YES;
				CLANG_WARN_STRICT_PROTOTYPES = YES;
				CLANG_WARN_SUSPICIOUS_MOVE = YES;
				CLANG_WARN_UNGUARDED_AVAILABILITY = YES_AGGRESSIVE;
				CLANG_WARN_UNREACHABLE_CODE = YES;
				CLANG_WARN__DUPLICATE_METHOD_MATCH = YES;
				COPY_PHASE_STRIP = NO;
				DEBUG_INFORMATION_FORMAT = "dwarf-with-dsym";
				ENABLE_NS_ASSERTIONS = NO;
				ENABLE_STRICT_OBJC_MSGSEND = YES;
				ENABLE_USER_SCRIPT_SANDBOXING = YES;
				GCC_C_LANGUAGE_STANDARD = gnu17;
				GCC_NO_COMMON_BLOCKS = YES;
				GCC_WARN_64_TO_32_BIT_CONVERSION = YES;
				GCC_WARN_ABOUT_RETURN_TYPE = YES_ERROR;
				GCC_WARN_UNDECLARED_SELECTOR = YES;
				GCC_WARN_UNINITIALIZED_AUTOS = YES_AGGRESSIVE;
				GCC_WARN_UNUSED_FUNCTION = YES;
				GCC_WARN_UNUSED_VARIABLE = YES;
				IPHONEOS_DEPLOYMENT_TARGET = 18.2;
				LOCALIZATION_PREFERS_STRING_CATALOGS = YES;
				MTL_ENABLE_DEBUG_INFO = NO;
				MTL_FAST_MATH = YES;
				SDKROOT = iphoneos;
				SWIFT_COMPILATION_MODE = wholemodule;
				VALIDATE_PRODUCT = YES;
			};
			name = Release;
		};
		EB8CC3452D644CDC005EAC0B /* Debug */ = {
			isa = XCBuildConfiguration;
			buildSettings = {
				ASSETCATALOG_COMPILER_APPICON_NAME = AppIcon;
				ASSETCATALOG_COMPILER_GLOBAL_ACCENT_COLOR_NAME = AccentColor;
				CODE_SIGN_STYLE = Automatic;
				CURRENT_PROJECT_VERSION = 1;
				DEVELOPMENT_TEAM = WNUFLTYR5Q;
				GENERATE_INFOPLIST_FILE = YES;
				INFOPLIST_KEY_CFBundleDisplayName = "Ninja Game";
				INFOPLIST_KEY_LSApplicationCategoryType = "public.app-category.games";
				INFOPLIST_KEY_UIApplicationSupportsIndirectInputEvents = YES;
				INFOPLIST_KEY_UILaunchStoryboardName = LaunchScreen;
				INFOPLIST_KEY_UIMainStoryboardFile = Main;
				INFOPLIST_KEY_UIStatusBarHidden = YES;
				INFOPLIST_KEY_UISupportedInterfaceOrientations = "UIInterfaceOrientationLandscapeLeft UIInterfaceOrientationLandscapeRight UIInterfaceOrientationPortrait";
				INFOPLIST_KEY_UISupportedInterfaceOrientations_iPad = UIInterfaceOrientationLandscapeRight;
				IPHONEOS_DEPLOYMENT_TARGET = 15.6;
				LD_RUNPATH_SEARCH_PATHS = (
					"$(inherited)",
					"@executable_path/Frameworks",
				);
				MARKETING_VERSION = 1.0;
				PRODUCT_BUNDLE_IDENTIFIER = akixuu.NinjaGameBase;
				PRODUCT_NAME = "$(TARGET_NAME)";
				SUPPORTED_PLATFORMS = "iphoneos iphonesimulator";
				SUPPORTS_MACCATALYST = NO;
				SUPPORTS_MAC_DESIGNED_FOR_IPHONE_IPAD = NO;
				SUPPORTS_XR_DESIGNED_FOR_IPHONE_IPAD = NO;
				SWIFT_EMIT_LOC_STRINGS = YES;
				SWIFT_VERSION = 5.0;
				TARGETED_DEVICE_FAMILY = 2;
			};
			name = Debug;
		};
		EB8CC3462D644CDC005EAC0B /* Release */ = {
			isa = XCBuildConfiguration;
			buildSettings = {
				ASSETCATALOG_COMPILER_APPICON_NAME = AppIcon;
				ASSETCATALOG_COMPILER_GLOBAL_ACCENT_COLOR_NAME = AccentColor;
				CODE_SIGN_STYLE = Automatic;
				CURRENT_PROJECT_VERSION = 1;
				DEVELOPMENT_TEAM = WNUFLTYR5Q;
				GENERATE_INFOPLIST_FILE = YES;
				INFOPLIST_KEY_CFBundleDisplayName = "Ninja Game";
				INFOPLIST_KEY_LSApplicationCategoryType = "public.app-category.games";
				INFOPLIST_KEY_UIApplicationSupportsIndirectInputEvents = YES;
				INFOPLIST_KEY_UILaunchStoryboardName = LaunchScreen;
				INFOPLIST_KEY_UIMainStoryboardFile = Main;
				INFOPLIST_KEY_UIStatusBarHidden = YES;
				INFOPLIST_KEY_UISupportedInterfaceOrientations = "UIInterfaceOrientationLandscapeLeft UIInterfaceOrientationLandscapeRight UIInterfaceOrientationPortrait";
				INFOPLIST_KEY_UISupportedInterfaceOrientations_iPad = UIInterfaceOrientationLandscapeRight;
				IPHONEOS_DEPLOYMENT_TARGET = 15.6;
				LD_RUNPATH_SEARCH_PATHS = (
					"$(inherited)",
					"@executable_path/Frameworks",
				);
				MARKETING_VERSION = 1.0;
				PRODUCT_BUNDLE_IDENTIFIER = akixuu.NinjaGameBase;
				PRODUCT_NAME = "$(TARGET_NAME)";
				SUPPORTED_PLATFORMS = "iphoneos iphonesimulator";
				SUPPORTS_MACCATALYST = NO;
				SUPPORTS_MAC_DESIGNED_FOR_IPHONE_IPAD = NO;
				SUPPORTS_XR_DESIGNED_FOR_IPHONE_IPAD = NO;
				SWIFT_EMIT_LOC_STRINGS = YES;
				SWIFT_VERSION = 5.0;
				TARGETED_DEVICE_FAMILY = 2;
			};
			name = Release;
		};
		EB8CC3482D644CDC005EAC0B /* Debug */ = {
			isa = XCBuildConfiguration;
			buildSettings = {
				BUNDLE_LOADER = "$(TEST_HOST)";
				CODE_SIGN_STYLE = Automatic;
				CURRENT_PROJECT_VERSION = 1;
				GENERATE_INFOPLIST_FILE = YES;
				IPHONEOS_DEPLOYMENT_TARGET = 18.2;
				MARKETING_VERSION = 1.0;
				PRODUCT_BUNDLE_IDENTIFIER = akixuu.NinjaGameBaseTests;
				PRODUCT_NAME = "$(TARGET_NAME)";
				SWIFT_EMIT_LOC_STRINGS = NO;
				SWIFT_VERSION = 5.0;
				TARGETED_DEVICE_FAMILY = "1,2";
				TEST_HOST = "$(BUILT_PRODUCTS_DIR)/NinjaGameBase.app/$(BUNDLE_EXECUTABLE_FOLDER_PATH)/NinjaGameBase";
			};
			name = Debug;
		};
		EB8CC3492D644CDC005EAC0B /* Release */ = {
			isa = XCBuildConfiguration;
			buildSettings = {
				BUNDLE_LOADER = "$(TEST_HOST)";
				CODE_SIGN_STYLE = Automatic;
				CURRENT_PROJECT_VERSION = 1;
				GENERATE_INFOPLIST_FILE = YES;
				IPHONEOS_DEPLOYMENT_TARGET = 18.2;
				MARKETING_VERSION = 1.0;
				PRODUCT_BUNDLE_IDENTIFIER = akixuu.NinjaGameBaseTests;
				PRODUCT_NAME = "$(TARGET_NAME)";
				SWIFT_EMIT_LOC_STRINGS = NO;
				SWIFT_VERSION = 5.0;
				TARGETED_DEVICE_FAMILY = "1,2";
				TEST_HOST = "$(BUILT_PRODUCTS_DIR)/NinjaGameBase.app/$(BUNDLE_EXECUTABLE_FOLDER_PATH)/NinjaGameBase";
			};
			name = Release;
		};
		EB8CC34B2D644CDC005EAC0B /* Debug */ = {
			isa = XCBuildConfiguration;
			buildSettings = {
				CODE_SIGN_STYLE = Automatic;
				CURRENT_PROJECT_VERSION = 1;
				GENERATE_INFOPLIST_FILE = YES;
				MARKETING_VERSION = 1.0;
				PRODUCT_BUNDLE_IDENTIFIER = akixuu.NinjaGameBaseUITests;
				PRODUCT_NAME = "$(TARGET_NAME)";
				SWIFT_EMIT_LOC_STRINGS = NO;
				SWIFT_VERSION = 5.0;
				TARGETED_DEVICE_FAMILY = "1,2";
				TEST_TARGET_NAME = NinjaGameBase;
			};
			name = Debug;
		};
		EB8CC34C2D644CDC005EAC0B /* Release */ = {
			isa = XCBuildConfiguration;
			buildSettings = {
				CODE_SIGN_STYLE = Automatic;
				CURRENT_PROJECT_VERSION = 1;
				GENERATE_INFOPLIST_FILE = YES;
				MARKETING_VERSION = 1.0;
				PRODUCT_BUNDLE_IDENTIFIER = akixuu.NinjaGameBaseUITests;
				PRODUCT_NAME = "$(TARGET_NAME)";
				SWIFT_EMIT_LOC_STRINGS = NO;
				SWIFT_VERSION = 5.0;
				TARGETED_DEVICE_FAMILY = "1,2";
				TEST_TARGET_NAME = NinjaGameBase;
			};
			name = Release;
		};
/* End XCBuildConfiguration section */

/* Begin XCConfigurationList section */
		EB8CC3122D644CDA005EAC0B /* Build configuration list for PBXProject "NinjaGameBase" */ = {
			isa = XCConfigurationList;
			buildConfigurations = (
				EB8CC3422D644CDC005EAC0B /* Debug */,
				EB8CC3432D644CDC005EAC0B /* Release */,
			);
			defaultConfigurationIsVisible = 0;
			defaultConfigurationName = Release;
		};
		EB8CC3442D644CDC005EAC0B /* Build configuration list for PBXNativeTarget "NinjaGameBase" */ = {
			isa = XCConfigurationList;
			buildConfigurations = (
				EB8CC3452D644CDC005EAC0B /* Debug */,
				EB8CC3462D644CDC005EAC0B /* Release */,
			);
			defaultConfigurationIsVisible = 0;
			defaultConfigurationName = Release;
		};
		EB8CC3472D644CDC005EAC0B /* Build configuration list for PBXNativeTarget "NinjaGameBaseTests" */ = {
			isa = XCConfigurationList;
			buildConfigurations = (
				EB8CC3482D644CDC005EAC0B /* Debug */,
				EB8CC3492D644CDC005EAC0B /* Release */,
			);
			defaultConfigurationIsVisible = 0;
			defaultConfigurationName = Release;
		};
		EB8CC34A2D644CDC005EAC0B /* Build configuration list for PBXNativeTarget "NinjaGameBaseUITests" */ = {
			isa = XCConfigurationList;
			buildConfigurations = (
				EB8CC34B2D644CDC005EAC0B /* Debug */,
				EB8CC34C2D644CDC005EAC0B /* Release */,
			);
			defaultConfigurationIsVisible = 0;
			defaultConfigurationName = Release;
		};
/* End XCConfigurationList section */
	};
	rootObject = EB8CC30F2D644CDA005EAC0B /* Project object */;
}
